// !$*UTF8*$!
{
	archiveVersion = 1;
	classes = {
	};
	objectVersion = 50;
	objects = {

/* Begin PBXBuildFile section */
		CE02C43F2503B78000E5F895 /* SettingsViewController.swift in Sources */ = {isa = PBXBuildFile; fileRef = CE02C43E2503B77F00E5F895 /* SettingsViewController.swift */; };
		CE02C4412504783000E5F895 /* SettingsTableViewCell.swift in Sources */ = {isa = PBXBuildFile; fileRef = CE02C4402504783000E5F895 /* SettingsTableViewCell.swift */; };
		CE3BB2B4254499A400FCAE10 /* checked checkbox.png in Resources */ = {isa = PBXBuildFile; fileRef = CE3BB2B2254499A400FCAE10 /* checked checkbox.png */; };
		CE3BB2B5254499A400FCAE10 /* unchecked checkbox.png in Resources */ = {isa = PBXBuildFile; fileRef = CE3BB2B3254499A400FCAE10 /* unchecked checkbox.png */; };
		CE468F4A250DAB4B00ED23C8 /* YesNoViewController.swift in Sources */ = {isa = PBXBuildFile; fileRef = CE468F49250DAB4B00ED23C8 /* YesNoViewController.swift */; };
		CE55E99524DC817E0032BE80 /* AppDelegate.swift in Sources */ = {isa = PBXBuildFile; fileRef = CE55E99424DC817E0032BE80 /* AppDelegate.swift */; };
		CE55E99724DC817E0032BE80 /* SceneDelegate.swift in Sources */ = {isa = PBXBuildFile; fileRef = CE55E99624DC817E0032BE80 /* SceneDelegate.swift */; };
		CE55E99924DC817E0032BE80 /* ViewController.swift in Sources */ = {isa = PBXBuildFile; fileRef = CE55E99824DC817E0032BE80 /* ViewController.swift */; };
		CE55E99C24DC817E0032BE80 /* Main.storyboard in Resources */ = {isa = PBXBuildFile; fileRef = CE55E99A24DC817E0032BE80 /* Main.storyboard */; };
		CE55E99E24DC81800032BE80 /* Assets.xcassets in Resources */ = {isa = PBXBuildFile; fileRef = CE55E99D24DC81800032BE80 /* Assets.xcassets */; };
		CE55E9A124DC81800032BE80 /* LaunchScreen.storyboard in Resources */ = {isa = PBXBuildFile; fileRef = CE55E99F24DC81800032BE80 /* LaunchScreen.storyboard */; };
		CE55E9AC24DC81800032BE80 /* ChoicesTests.swift in Sources */ = {isa = PBXBuildFile; fileRef = CE55E9AB24DC81800032BE80 /* ChoicesTests.swift */; };
		CE55E9B724DC81800032BE80 /* ChoicesUITests.swift in Sources */ = {isa = PBXBuildFile; fileRef = CE55E9B624DC81800032BE80 /* ChoicesUITests.swift */; };
		CE55E9C924DCEC120032BE80 /* wordlist.csv in Resources */ = {isa = PBXBuildFile; fileRef = CE55E9C824DCEC120032BE80 /* wordlist.csv */; };
		CE76977224E9D41A00CD5127 /* CollectionViewSlide.swift in Sources */ = {isa = PBXBuildFile; fileRef = CE76977024E9D41A00CD5127 /* CollectionViewSlide.swift */; };
		CE76977324E9D41A00CD5127 /* CollectionViewSlide.xib in Resources */ = {isa = PBXBuildFile; fileRef = CE76977124E9D41A00CD5127 /* CollectionViewSlide.xib */; };
		CE7CDD9E24EB691D00B63FCD /* SlideViewController.swift in Sources */ = {isa = PBXBuildFile; fileRef = CE7CDD9D24EB691D00B63FCD /* SlideViewController.swift */; };
		CEB7D88A254E662400EE0C58 /* NewWordViewController.swift in Sources */ = {isa = PBXBuildFile; fileRef = CEB7D889254E662400EE0C58 /* NewWordViewController.swift */; };
		CEC33BDA254227B60015D826 /* HomeViewController.swift in Sources */ = {isa = PBXBuildFile; fileRef = CEC33BD9254227B60015D826 /* HomeViewController.swift */; };
		CEC7548624E625E900C0F228 /* CollectionViewCell.swift in Sources */ = {isa = PBXBuildFile; fileRef = CEC7548424E625E900C0F228 /* CollectionViewCell.swift */; };
		CEC7548724E625E900C0F228 /* CollectionViewCell.xib in Resources */ = {isa = PBXBuildFile; fileRef = CEC7548524E625E900C0F228 /* CollectionViewCell.xib */; };
		CEEAFA872508884E009AD955 /* Left Arrow.png in Resources */ = {isa = PBXBuildFile; fileRef = CEEAFA852508884E009AD955 /* Left Arrow.png */; };
		CEEAFA882508884E009AD955 /* Right Arrow.png in Resources */ = {isa = PBXBuildFile; fileRef = CEEAFA862508884E009AD955 /* Right Arrow.png */; };
		CEEAFA8A25088AF5009AD955 /* Cross.png in Resources */ = {isa = PBXBuildFile; fileRef = CEEAFA8925088AF5009AD955 /* Cross.png */; };
/* End PBXBuildFile section */

/* Begin PBXContainerItemProxy section */
		CE55E9A824DC81800032BE80 /* PBXContainerItemProxy */ = {
			isa = PBXContainerItemProxy;
			containerPortal = CE55E98924DC817E0032BE80 /* Project object */;
			proxyType = 1;
			remoteGlobalIDString = CE55E99024DC817E0032BE80;
			remoteInfo = Choices;
		};
		CE55E9B324DC81800032BE80 /* PBXContainerItemProxy */ = {
			isa = PBXContainerItemProxy;
			containerPortal = CE55E98924DC817E0032BE80 /* Project object */;
			proxyType = 1;
			remoteGlobalIDString = CE55E99024DC817E0032BE80;
			remoteInfo = Choices;
		};
/* End PBXContainerItemProxy section */

/* Begin PBXFileReference section */
		CE02C43E2503B77F00E5F895 /* SettingsViewController.swift */ = {isa = PBXFileReference; lastKnownFileType = sourcecode.swift; path = SettingsViewController.swift; sourceTree = "<group>"; };
		CE02C4402504783000E5F895 /* SettingsTableViewCell.swift */ = {isa = PBXFileReference; lastKnownFileType = sourcecode.swift; path = SettingsTableViewCell.swift; sourceTree = "<group>"; };
		CE3BB2B2254499A400FCAE10 /* checked checkbox.png */ = {isa = PBXFileReference; lastKnownFileType = image.png; path = "checked checkbox.png"; sourceTree = "<group>"; };
		CE3BB2B3254499A400FCAE10 /* unchecked checkbox.png */ = {isa = PBXFileReference; lastKnownFileType = image.png; path = "unchecked checkbox.png"; sourceTree = "<group>"; };
		CE468F49250DAB4B00ED23C8 /* YesNoViewController.swift */ = {isa = PBXFileReference; lastKnownFileType = sourcecode.swift; path = YesNoViewController.swift; sourceTree = "<group>"; };
		CE55E99124DC817E0032BE80 /* Choices.app */ = {isa = PBXFileReference; explicitFileType = wrapper.application; includeInIndex = 0; path = Choices.app; sourceTree = BUILT_PRODUCTS_DIR; };
		CE55E99424DC817E0032BE80 /* AppDelegate.swift */ = {isa = PBXFileReference; lastKnownFileType = sourcecode.swift; path = AppDelegate.swift; sourceTree = "<group>"; };
		CE55E99624DC817E0032BE80 /* SceneDelegate.swift */ = {isa = PBXFileReference; lastKnownFileType = sourcecode.swift; path = SceneDelegate.swift; sourceTree = "<group>"; };
		CE55E99824DC817E0032BE80 /* ViewController.swift */ = {isa = PBXFileReference; lastKnownFileType = sourcecode.swift; path = ViewController.swift; sourceTree = "<group>"; };
		CE55E99B24DC817E0032BE80 /* Base */ = {isa = PBXFileReference; lastKnownFileType = file.storyboard; name = Base; path = Base.lproj/Main.storyboard; sourceTree = "<group>"; };
		CE55E99D24DC81800032BE80 /* Assets.xcassets */ = {isa = PBXFileReference; lastKnownFileType = folder.assetcatalog; path = Assets.xcassets; sourceTree = "<group>"; };
		CE55E9A024DC81800032BE80 /* Base */ = {isa = PBXFileReference; lastKnownFileType = file.storyboard; name = Base; path = Base.lproj/LaunchScreen.storyboard; sourceTree = "<group>"; };
		CE55E9A224DC81800032BE80 /* Info.plist */ = {isa = PBXFileReference; lastKnownFileType = text.plist.xml; path = Info.plist; sourceTree = "<group>"; };
		CE55E9A724DC81800032BE80 /* ChoicesTests.xctest */ = {isa = PBXFileReference; explicitFileType = wrapper.cfbundle; includeInIndex = 0; path = ChoicesTests.xctest; sourceTree = BUILT_PRODUCTS_DIR; };
		CE55E9AB24DC81800032BE80 /* ChoicesTests.swift */ = {isa = PBXFileReference; lastKnownFileType = sourcecode.swift; path = ChoicesTests.swift; sourceTree = "<group>"; };
		CE55E9AD24DC81800032BE80 /* Info.plist */ = {isa = PBXFileReference; lastKnownFileType = text.plist.xml; path = Info.plist; sourceTree = "<group>"; };
		CE55E9B224DC81800032BE80 /* ChoicesUITests.xctest */ = {isa = PBXFileReference; explicitFileType = wrapper.cfbundle; includeInIndex = 0; path = ChoicesUITests.xctest; sourceTree = BUILT_PRODUCTS_DIR; };
		CE55E9B624DC81800032BE80 /* ChoicesUITests.swift */ = {isa = PBXFileReference; lastKnownFileType = sourcecode.swift; path = ChoicesUITests.swift; sourceTree = "<group>"; };
		CE55E9B824DC81800032BE80 /* Info.plist */ = {isa = PBXFileReference; lastKnownFileType = text.plist.xml; path = Info.plist; sourceTree = "<group>"; };
		CE55E9C824DCEC120032BE80 /* wordlist.csv */ = {isa = PBXFileReference; fileEncoding = 4; lastKnownFileType = text; path = wordlist.csv; sourceTree = "<group>"; };
		CE76977024E9D41A00CD5127 /* CollectionViewSlide.swift */ = {isa = PBXFileReference; lastKnownFileType = sourcecode.swift; path = CollectionViewSlide.swift; sourceTree = "<group>"; };
		CE76977124E9D41A00CD5127 /* CollectionViewSlide.xib */ = {isa = PBXFileReference; lastKnownFileType = file.xib; path = CollectionViewSlide.xib; sourceTree = "<group>"; };
		CE7CDD9D24EB691D00B63FCD /* SlideViewController.swift */ = {isa = PBXFileReference; lastKnownFileType = sourcecode.swift; path = SlideViewController.swift; sourceTree = "<group>"; };
		CEB7D889254E662400EE0C58 /* NewWordViewController.swift */ = {isa = PBXFileReference; lastKnownFileType = sourcecode.swift; path = NewWordViewController.swift; sourceTree = "<group>"; };
		CEC33BD9254227B60015D826 /* HomeViewController.swift */ = {isa = PBXFileReference; lastKnownFileType = sourcecode.swift; path = HomeViewController.swift; sourceTree = "<group>"; };
		CEC7548424E625E900C0F228 /* CollectionViewCell.swift */ = {isa = PBXFileReference; lastKnownFileType = sourcecode.swift; path = CollectionViewCell.swift; sourceTree = "<group>"; };
		CEC7548524E625E900C0F228 /* CollectionViewCell.xib */ = {isa = PBXFileReference; lastKnownFileType = file.xib; path = CollectionViewCell.xib; sourceTree = "<group>"; };
		CEEAFA852508884E009AD955 /* Left Arrow.png */ = {isa = PBXFileReference; lastKnownFileType = image.png; path = "Left Arrow.png"; sourceTree = "<group>"; };
		CEEAFA862508884E009AD955 /* Right Arrow.png */ = {isa = PBXFileReference; lastKnownFileType = image.png; path = "Right Arrow.png"; sourceTree = "<group>"; };
		CEEAFA8925088AF5009AD955 /* Cross.png */ = {isa = PBXFileReference; lastKnownFileType = image.png; path = Cross.png; sourceTree = "<group>"; };
/* End PBXFileReference section */

/* Begin PBXFrameworksBuildPhase section */
		CE55E98E24DC817E0032BE80 /* Frameworks */ = {
			isa = PBXFrameworksBuildPhase;
			buildActionMask = 2147483647;
			files = (
			);
			runOnlyForDeploymentPostprocessing = 0;
		};
		CE55E9A424DC81800032BE80 /* Frameworks */ = {
			isa = PBXFrameworksBuildPhase;
			buildActionMask = 2147483647;
			files = (
			);
			runOnlyForDeploymentPostprocessing = 0;
		};
		CE55E9AF24DC81800032BE80 /* Frameworks */ = {
			isa = PBXFrameworksBuildPhase;
			buildActionMask = 2147483647;
			files = (
			);
			runOnlyForDeploymentPostprocessing = 0;
		};
/* End PBXFrameworksBuildPhase section */

/* Begin PBXGroup section */
		CE3BB2AD2544982600FCAE10 /* Images */ = {
			isa = PBXGroup;
			children = (
				CEEAFA8925088AF5009AD955 /* Cross.png */,
				CEEAFA852508884E009AD955 /* Left Arrow.png */,
				CEEAFA862508884E009AD955 /* Right Arrow.png */,
				CE3BB2B2254499A400FCAE10 /* checked checkbox.png */,
				CE3BB2B3254499A400FCAE10 /* unchecked checkbox.png */,
			);
			path = Images;
			sourceTree = "<group>";
		};
		CE55E98824DC817E0032BE80 = {
			isa = PBXGroup;
			children = (
				CE55E99324DC817E0032BE80 /* Choices */,
				CE55E9AA24DC81800032BE80 /* ChoicesTests */,
				CE55E9B524DC81800032BE80 /* ChoicesUITests */,
				CE55E99224DC817E0032BE80 /* Products */,
			);
			sourceTree = "<group>";
		};
		CE55E99224DC817E0032BE80 /* Products */ = {
			isa = PBXGroup;
			children = (
				CE55E99124DC817E0032BE80 /* Choices.app */,
				CE55E9A724DC81800032BE80 /* ChoicesTests.xctest */,
				CE55E9B224DC81800032BE80 /* ChoicesUITests.xctest */,
			);
			name = Products;
			sourceTree = "<group>";
		};
		CE55E99324DC817E0032BE80 /* Choices */ = {
			isa = PBXGroup;
			children = (
				CE55E99424DC817E0032BE80 /* AppDelegate.swift */,
				CE55E99624DC817E0032BE80 /* SceneDelegate.swift */,
				CE76976D24E9CBD400CD5127 /* Storyboards */,
				CE616C0024EF7322006C86DF /* ViewControllers */,
				CE55E99D24DC81800032BE80 /* Assets.xcassets */,
				CE616C0424EF74F4006C86DF /* Collection View Cells */,
				CE616C0224EF7375006C86DF /* XIB files */,
				CE55E9C824DCEC120032BE80 /* wordlist.csv */,
				CE55E9A224DC81800032BE80 /* Info.plist */,
				CE3BB2AD2544982600FCAE10 /* Images */,
			);
			path = Choices;
			sourceTree = "<group>";
		};
		CE55E9AA24DC81800032BE80 /* ChoicesTests */ = {
			isa = PBXGroup;
			children = (
				CE55E9AB24DC81800032BE80 /* ChoicesTests.swift */,
				CE55E9AD24DC81800032BE80 /* Info.plist */,
			);
			path = ChoicesTests;
			sourceTree = "<group>";
		};
		CE55E9B524DC81800032BE80 /* ChoicesUITests */ = {
			isa = PBXGroup;
			children = (
				CE55E9B624DC81800032BE80 /* ChoicesUITests.swift */,
				CE55E9B824DC81800032BE80 /* Info.plist */,
			);
			path = ChoicesUITests;
			sourceTree = "<group>";
		};
		CE616C0024EF7322006C86DF /* ViewControllers */ = {
			isa = PBXGroup;
			children = (
				CE55E99824DC817E0032BE80 /* ViewController.swift */,
				CE7CDD9D24EB691D00B63FCD /* SlideViewController.swift */,
				CE02C43E2503B77F00E5F895 /* SettingsViewController.swift */,
				CE468F49250DAB4B00ED23C8 /* YesNoViewController.swift */,
				CEC33BD9254227B60015D826 /* HomeViewController.swift */,
				CEB7D889254E662400EE0C58 /* NewWordViewController.swift */,
			);
			path = ViewControllers;
			sourceTree = "<group>";
		};
		CE616C0224EF7375006C86DF /* XIB files */ = {
			isa = PBXGroup;
			children = (
				CEC7548524E625E900C0F228 /* CollectionViewCell.xib */,
				CE76977124E9D41A00CD5127 /* CollectionViewSlide.xib */,
			);
			path = "XIB files";
			sourceTree = "<group>";
		};
		CE616C0424EF74F4006C86DF /* Collection View Cells */ = {
			isa = PBXGroup;
			children = (
				CEC7548424E625E900C0F228 /* CollectionViewCell.swift */,
				CE76977024E9D41A00CD5127 /* CollectionViewSlide.swift */,
				CE02C4402504783000E5F895 /* SettingsTableViewCell.swift */,
			);
			path = "Collection View Cells";
			sourceTree = "<group>";
		};
		CE76976D24E9CBD400CD5127 /* Storyboards */ = {
			isa = PBXGroup;
			children = (
				CE55E99A24DC817E0032BE80 /* Main.storyboard */,
				CE55E99F24DC81800032BE80 /* LaunchScreen.storyboard */,
			);
			path = Storyboards;
			sourceTree = "<group>";
		};
/* End PBXGroup section */

/* Begin PBXNativeTarget section */
		CE55E99024DC817E0032BE80 /* Choices */ = {
			isa = PBXNativeTarget;
			buildConfigurationList = CE55E9BB24DC81800032BE80 /* Build configuration list for PBXNativeTarget "Choices" */;
			buildPhases = (
				CE55E98D24DC817E0032BE80 /* Sources */,
				CE55E98E24DC817E0032BE80 /* Frameworks */,
				CE55E98F24DC817E0032BE80 /* Resources */,
			);
			buildRules = (
			);
			dependencies = (
			);
			name = Choices;
			productName = Choices;
			productReference = CE55E99124DC817E0032BE80 /* Choices.app */;
			productType = "com.apple.product-type.application";
		};
		CE55E9A624DC81800032BE80 /* ChoicesTests */ = {
			isa = PBXNativeTarget;
			buildConfigurationList = CE55E9BE24DC81800032BE80 /* Build configuration list for PBXNativeTarget "ChoicesTests" */;
			buildPhases = (
				CE55E9A324DC81800032BE80 /* Sources */,
				CE55E9A424DC81800032BE80 /* Frameworks */,
				CE55E9A524DC81800032BE80 /* Resources */,
			);
			buildRules = (
			);
			dependencies = (
				CE55E9A924DC81800032BE80 /* PBXTargetDependency */,
			);
			name = ChoicesTests;
			productName = ChoicesTests;
			productReference = CE55E9A724DC81800032BE80 /* ChoicesTests.xctest */;
			productType = "com.apple.product-type.bundle.unit-test";
		};
		CE55E9B124DC81800032BE80 /* ChoicesUITests */ = {
			isa = PBXNativeTarget;
			buildConfigurationList = CE55E9C124DC81800032BE80 /* Build configuration list for PBXNativeTarget "ChoicesUITests" */;
			buildPhases = (
				CE55E9AE24DC81800032BE80 /* Sources */,
				CE55E9AF24DC81800032BE80 /* Frameworks */,
				CE55E9B024DC81800032BE80 /* Resources */,
			);
			buildRules = (
			);
			dependencies = (
				CE55E9B424DC81800032BE80 /* PBXTargetDependency */,
			);
			name = ChoicesUITests;
			productName = ChoicesUITests;
			productReference = CE55E9B224DC81800032BE80 /* ChoicesUITests.xctest */;
			productType = "com.apple.product-type.bundle.ui-testing";
		};
/* End PBXNativeTarget section */

/* Begin PBXProject section */
		CE55E98924DC817E0032BE80 /* Project object */ = {
			isa = PBXProject;
			attributes = {
				LastSwiftUpdateCheck = 1200;
				LastUpgradeCheck = 1200;
				TargetAttributes = {
					CE55E99024DC817E0032BE80 = {
						CreatedOnToolsVersion = 12.0;
					};
					CE55E9A624DC81800032BE80 = {
						CreatedOnToolsVersion = 12.0;
						TestTargetID = CE55E99024DC817E0032BE80;
					};
					CE55E9B124DC81800032BE80 = {
						CreatedOnToolsVersion = 12.0;
						TestTargetID = CE55E99024DC817E0032BE80;
					};
				};
			};
			buildConfigurationList = CE55E98C24DC817E0032BE80 /* Build configuration list for PBXProject "Choices" */;
			compatibilityVersion = "Xcode 9.3";
			developmentRegion = en;
			hasScannedForEncodings = 0;
			knownRegions = (
				en,
				Base,
			);
			mainGroup = CE55E98824DC817E0032BE80;
			productRefGroup = CE55E99224DC817E0032BE80 /* Products */;
			projectDirPath = "";
			projectRoot = "";
			targets = (
				CE55E99024DC817E0032BE80 /* Choices */,
				CE55E9A624DC81800032BE80 /* ChoicesTests */,
				CE55E9B124DC81800032BE80 /* ChoicesUITests */,
			);
		};
/* End PBXProject section */

/* Begin PBXResourcesBuildPhase section */
		CE55E98F24DC817E0032BE80 /* Resources */ = {
			isa = PBXResourcesBuildPhase;
			buildActionMask = 2147483647;
			files = (
				CE55E9A124DC81800032BE80 /* LaunchScreen.storyboard in Resources */,
				CE3BB2B4254499A400FCAE10 /* checked checkbox.png in Resources */,
				CE3BB2B5254499A400FCAE10 /* unchecked checkbox.png in Resources */,
				CE55E99E24DC81800032BE80 /* Assets.xcassets in Resources */,
				CE55E9C924DCEC120032BE80 /* wordlist.csv in Resources */,
				CEEAFA882508884E009AD955 /* Right Arrow.png in Resources */,
				CE55E99C24DC817E0032BE80 /* Main.storyboard in Resources */,
				CE76977324E9D41A00CD5127 /* CollectionViewSlide.xib in Resources */,
				CEC7548724E625E900C0F228 /* CollectionViewCell.xib in Resources */,
				CEEAFA8A25088AF5009AD955 /* Cross.png in Resources */,
				CEEAFA872508884E009AD955 /* Left Arrow.png in Resources */,
			);
			runOnlyForDeploymentPostprocessing = 0;
		};
		CE55E9A524DC81800032BE80 /* Resources */ = {
			isa = PBXResourcesBuildPhase;
			buildActionMask = 2147483647;
			files = (
			);
			runOnlyForDeploymentPostprocessing = 0;
		};
		CE55E9B024DC81800032BE80 /* Resources */ = {
			isa = PBXResourcesBuildPhase;
			buildActionMask = 2147483647;
			files = (
			);
			runOnlyForDeploymentPostprocessing = 0;
		};
/* End PBXResourcesBuildPhase section */

/* Begin PBXSourcesBuildPhase section */
		CE55E98D24DC817E0032BE80 /* Sources */ = {
			isa = PBXSourcesBuildPhase;
			buildActionMask = 2147483647;
			files = (
				CE55E99924DC817E0032BE80 /* ViewController.swift in Sources */,
				CEB7D88A254E662400EE0C58 /* NewWordViewController.swift in Sources */,
				CE55E99524DC817E0032BE80 /* AppDelegate.swift in Sources */,
				CE02C4412504783000E5F895 /* SettingsTableViewCell.swift in Sources */,
				CE02C43F2503B78000E5F895 /* SettingsViewController.swift in Sources */,
				CE7CDD9E24EB691D00B63FCD /* SlideViewController.swift in Sources */,
				CEC33BDA254227B60015D826 /* HomeViewController.swift in Sources */,
				CE76977224E9D41A00CD5127 /* CollectionViewSlide.swift in Sources */,
				CEC7548624E625E900C0F228 /* CollectionViewCell.swift in Sources */,
				CE55E99724DC817E0032BE80 /* SceneDelegate.swift in Sources */,
				CE468F4A250DAB4B00ED23C8 /* YesNoViewController.swift in Sources */,
			);
			runOnlyForDeploymentPostprocessing = 0;
		};
		CE55E9A324DC81800032BE80 /* Sources */ = {
			isa = PBXSourcesBuildPhase;
			buildActionMask = 2147483647;
			files = (
				CE55E9AC24DC81800032BE80 /* ChoicesTests.swift in Sources */,
			);
			runOnlyForDeploymentPostprocessing = 0;
		};
		CE55E9AE24DC81800032BE80 /* Sources */ = {
			isa = PBXSourcesBuildPhase;
			buildActionMask = 2147483647;
			files = (
				CE55E9B724DC81800032BE80 /* ChoicesUITests.swift in Sources */,
			);
			runOnlyForDeploymentPostprocessing = 0;
		};
/* End PBXSourcesBuildPhase section */

/* Begin PBXTargetDependency section */
		CE55E9A924DC81800032BE80 /* PBXTargetDependency */ = {
			isa = PBXTargetDependency;
			target = CE55E99024DC817E0032BE80 /* Choices */;
			targetProxy = CE55E9A824DC81800032BE80 /* PBXContainerItemProxy */;
		};
		CE55E9B424DC81800032BE80 /* PBXTargetDependency */ = {
			isa = PBXTargetDependency;
			target = CE55E99024DC817E0032BE80 /* Choices */;
			targetProxy = CE55E9B324DC81800032BE80 /* PBXContainerItemProxy */;
		};
/* End PBXTargetDependency section */

/* Begin PBXVariantGroup section */
		CE55E99A24DC817E0032BE80 /* Main.storyboard */ = {
			isa = PBXVariantGroup;
			children = (
				CE55E99B24DC817E0032BE80 /* Base */,
			);
			name = Main.storyboard;
			sourceTree = "<group>";
		};
		CE55E99F24DC81800032BE80 /* LaunchScreen.storyboard */ = {
			isa = PBXVariantGroup;
			children = (
				CE55E9A024DC81800032BE80 /* Base */,
			);
			name = LaunchScreen.storyboard;
			sourceTree = "<group>";
		};
/* End PBXVariantGroup section */

/* Begin XCBuildConfiguration section */
		CE55E9B924DC81800032BE80 /* Debug */ = {
			isa = XCBuildConfiguration;
			buildSettings = {
				ALWAYS_SEARCH_USER_PATHS = NO;
				CLANG_ANALYZER_NONNULL = YES;
				CLANG_ANALYZER_NUMBER_OBJECT_CONVERSION = YES_AGGRESSIVE;
				CLANG_CXX_LANGUAGE_STANDARD = "gnu++14";
				CLANG_CXX_LIBRARY = "libc++";
				CLANG_ENABLE_MODULES = YES;
				CLANG_ENABLE_OBJC_ARC = YES;
				CLANG_ENABLE_OBJC_WEAK = YES;
				CLANG_WARN_BLOCK_CAPTURE_AUTORELEASING = YES;
				CLANG_WARN_BOOL_CONVERSION = YES;
				CLANG_WARN_COMMA = YES;
				CLANG_WARN_CONSTANT_CONVERSION = YES;
				CLANG_WARN_DEPRECATED_OBJC_IMPLEMENTATIONS = YES;
				CLANG_WARN_DIRECT_OBJC_ISA_USAGE = YES_ERROR;
				CLANG_WARN_DOCUMENTATION_COMMENTS = YES;
				CLANG_WARN_EMPTY_BODY = YES;
				CLANG_WARN_ENUM_CONVERSION = YES;
				CLANG_WARN_INFINITE_RECURSION = YES;
				CLANG_WARN_INT_CONVERSION = YES;
				CLANG_WARN_NON_LITERAL_NULL_CONVERSION = YES;
				CLANG_WARN_OBJC_IMPLICIT_RETAIN_SELF = YES;
				CLANG_WARN_OBJC_LITERAL_CONVERSION = YES;
				CLANG_WARN_OBJC_ROOT_CLASS = YES_ERROR;
				CLANG_WARN_QUOTED_INCLUDE_IN_FRAMEWORK_HEADER = YES;
				CLANG_WARN_RANGE_LOOP_ANALYSIS = YES;
				CLANG_WARN_STRICT_PROTOTYPES = YES;
				CLANG_WARN_SUSPICIOUS_MOVE = YES;
				CLANG_WARN_UNGUARDED_AVAILABILITY = YES_AGGRESSIVE;
				CLANG_WARN_UNREACHABLE_CODE = YES;
				CLANG_WARN__DUPLICATE_METHOD_MATCH = YES;
				COPY_PHASE_STRIP = NO;
				DEBUG_INFORMATION_FORMAT = dwarf;
				ENABLE_STRICT_OBJC_MSGSEND = YES;
				ENABLE_TESTABILITY = YES;
				GCC_C_LANGUAGE_STANDARD = gnu11;
				GCC_DYNAMIC_NO_PIC = NO;
				GCC_NO_COMMON_BLOCKS = YES;
				GCC_OPTIMIZATION_LEVEL = 0;
				GCC_PREPROCESSOR_DEFINITIONS = (
					"DEBUG=1",
					"$(inherited)",
				);
				GCC_WARN_64_TO_32_BIT_CONVERSION = YES;
				GCC_WARN_ABOUT_RETURN_TYPE = YES_ERROR;
				GCC_WARN_UNDECLARED_SELECTOR = YES;
				GCC_WARN_UNINITIALIZED_AUTOS = YES_AGGRESSIVE;
				GCC_WARN_UNUSED_FUNCTION = YES;
				GCC_WARN_UNUSED_VARIABLE = YES;
				IPHONEOS_DEPLOYMENT_TARGET = 14.0;
				MTL_ENABLE_DEBUG_INFO = INCLUDE_SOURCE;
				MTL_FAST_MATH = YES;
				ONLY_ACTIVE_ARCH = YES;
				SDKROOT = iphoneos;
				SWIFT_ACTIVE_COMPILATION_CONDITIONS = DEBUG;
				SWIFT_OPTIMIZATION_LEVEL = "-Onone";
			};
			name = Debug;
		};
		CE55E9BA24DC81800032BE80 /* Release */ = {
			isa = XCBuildConfiguration;
			buildSettings = {
				ALWAYS_SEARCH_USER_PATHS = NO;
				CLANG_ANALYZER_NONNULL = YES;
				CLANG_ANALYZER_NUMBER_OBJECT_CONVERSION = YES_AGGRESSIVE;
				CLANG_CXX_LANGUAGE_STANDARD = "gnu++14";
				CLANG_CXX_LIBRARY = "libc++";
				CLANG_ENABLE_MODULES = YES;
				CLANG_ENABLE_OBJC_ARC = YES;
				CLANG_ENABLE_OBJC_WEAK = YES;
				CLANG_WARN_BLOCK_CAPTURE_AUTORELEASING = YES;
				CLANG_WARN_BOOL_CONVERSION = YES;
				CLANG_WARN_COMMA = YES;
				CLANG_WARN_CONSTANT_CONVERSION = YES;
				CLANG_WARN_DEPRECATED_OBJC_IMPLEMENTATIONS = YES;
				CLANG_WARN_DIRECT_OBJC_ISA_USAGE = YES_ERROR;
				CLANG_WARN_DOCUMENTATION_COMMENTS = YES;
				CLANG_WARN_EMPTY_BODY = YES;
				CLANG_WARN_ENUM_CONVERSION = YES;
				CLANG_WARN_INFINITE_RECURSION = YES;
				CLANG_WARN_INT_CONVERSION = YES;
				CLANG_WARN_NON_LITERAL_NULL_CONVERSION = YES;
				CLANG_WARN_OBJC_IMPLICIT_RETAIN_SELF = YES;
				CLANG_WARN_OBJC_LITERAL_CONVERSION = YES;
				CLANG_WARN_OBJC_ROOT_CLASS = YES_ERROR;
				CLANG_WARN_QUOTED_INCLUDE_IN_FRAMEWORK_HEADER = YES;
				CLANG_WARN_RANGE_LOOP_ANALYSIS = YES;
				CLANG_WARN_STRICT_PROTOTYPES = YES;
				CLANG_WARN_SUSPICIOUS_MOVE = YES;
				CLANG_WARN_UNGUARDED_AVAILABILITY = YES_AGGRESSIVE;
				CLANG_WARN_UNREACHABLE_CODE = YES;
				CLANG_WARN__DUPLICATE_METHOD_MATCH = YES;
				COPY_PHASE_STRIP = NO;
				DEBUG_INFORMATION_FORMAT = "dwarf-with-dsym";
				ENABLE_NS_ASSERTIONS = NO;
				ENABLE_STRICT_OBJC_MSGSEND = YES;
				GCC_C_LANGUAGE_STANDARD = gnu11;
				GCC_NO_COMMON_BLOCKS = YES;
				GCC_WARN_64_TO_32_BIT_CONVERSION = YES;
				GCC_WARN_ABOUT_RETURN_TYPE = YES_ERROR;
				GCC_WARN_UNDECLARED_SELECTOR = YES;
				GCC_WARN_UNINITIALIZED_AUTOS = YES_AGGRESSIVE;
				GCC_WARN_UNUSED_FUNCTION = YES;
				GCC_WARN_UNUSED_VARIABLE = YES;
				IPHONEOS_DEPLOYMENT_TARGET = 14.0;
				MTL_ENABLE_DEBUG_INFO = NO;
				MTL_FAST_MATH = YES;
				SDKROOT = iphoneos;
				SWIFT_COMPILATION_MODE = wholemodule;
				SWIFT_OPTIMIZATION_LEVEL = "-O";
				VALIDATE_PRODUCT = YES;
			};
			name = Release;
		};
		CE55E9BC24DC81800032BE80 /* Debug */ = {
			isa = XCBuildConfiguration;
			buildSettings = {
				ASSETCATALOG_COMPILER_APPICON_NAME = AppIcon;
				ASSETCATALOG_COMPILER_GLOBAL_ACCENT_COLOR_NAME = AccentColor;
				CODE_SIGN_STYLE = Automatic;
				INFOPLIST_FILE = Choices/Info.plist;
				LD_RUNPATH_SEARCH_PATHS = (
					"$(inherited)",
					"@executable_path/Frameworks",
				);
				PRODUCT_BUNDLE_IDENTIFIER = com.shubhra.Choices;
				PRODUCT_NAME = "$(TARGET_NAME)";
				SWIFT_VERSION = 5.0;
				TARGETED_DEVICE_FAMILY = "1,2";
			};
			name = Debug;
		};
		CE55E9BD24DC81800032BE80 /* Release */ = {
			isa = XCBuildConfiguration;
			buildSettings = {
				ASSETCATALOG_COMPILER_APPICON_NAME = AppIcon;
				ASSETCATALOG_COMPILER_GLOBAL_ACCENT_COLOR_NAME = AccentColor;
				CODE_SIGN_STYLE = Automatic;
				INFOPLIST_FILE = Choices/Info.plist;
				LD_RUNPATH_SEARCH_PATHS = (
					"$(inherited)",
					"@executable_path/Frameworks",
				);
				PRODUCT_BUNDLE_IDENTIFIER = com.shubhra.Choices;
				PRODUCT_NAME = "$(TARGET_NAME)";
				SWIFT_VERSION = 5.0;
				TARGETED_DEVICE_FAMILY = "1,2";
			};
			name = Release;
		};
		CE55E9BF24DC81800032BE80 /* Debug */ = {
			isa = XCBuildConfiguration;
			buildSettings = {
				ALWAYS_EMBED_SWIFT_STANDARD_LIBRARIES = YES;
				BUNDLE_LOADER = "$(TEST_HOST)";
				CODE_SIGN_STYLE = Automatic;
				INFOPLIST_FILE = ChoicesTests/Info.plist;
				IPHONEOS_DEPLOYMENT_TARGET = 14.0;
				LD_RUNPATH_SEARCH_PATHS = (
					"$(inherited)",
					"@executable_path/Frameworks",
					"@loader_path/Frameworks",
				);
				PRODUCT_BUNDLE_IDENTIFIER = com.shubhra.ChoicesTests;
				PRODUCT_NAME = "$(TARGET_NAME)";
				SWIFT_VERSION = 5.0;
				TARGETED_DEVICE_FAMILY = "1,2";
				TEST_HOST = "$(BUILT_PRODUCTS_DIR)/Choices.app/Choices";
			};
			name = Debug;
		};
		CE55E9C024DC81800032BE80 /* Release */ = {
			isa = XCBuildConfiguration;
			buildSettings = {
				ALWAYS_EMBED_SWIFT_STANDARD_LIBRARIES = YES;
				BUNDLE_LOADER = "$(TEST_HOST)";
				CODE_SIGN_STYLE = Automatic;
				INFOPLIST_FILE = ChoicesTests/Info.plist;
				IPHONEOS_DEPLOYMENT_TARGET = 14.0;
				LD_RUNPATH_SEARCH_PATHS = (
					"$(inherited)",
					"@executable_path/Frameworks",
					"@loader_path/Frameworks",
				);
				PRODUCT_BUNDLE_IDENTIFIER = com.shubhra.ChoicesTests;
				PRODUCT_NAME = "$(TARGET_NAME)";
				SWIFT_VERSION = 5.0;
				TARGETED_DEVICE_FAMILY = "1,2";
				TEST_HOST = "$(BUILT_PRODUCTS_DIR)/Choices.app/Choices";
			};
			name = Release;
		};
		CE55E9C224DC81800032BE80 /* Debug */ = {
			isa = XCBuildConfiguration;
			buildSettings = {
				ALWAYS_EMBED_SWIFT_STANDARD_LIBRARIES = YES;
				CODE_SIGN_STYLE = Automatic;
				INFOPLIST_FILE = ChoicesUITests/Info.plist;
				LD_RUNPATH_SEARCH_PATHS = (
					"$(inherited)",
					"@executable_path/Frameworks",
					"@loader_path/Frameworks",
				);
				PRODUCT_BUNDLE_IDENTIFIER = com.shubhra.ChoicesUITests;
				PRODUCT_NAME = "$(TARGET_NAME)";
				SWIFT_VERSION = 5.0;
				TARGETED_DEVICE_FAMILY = "1,2";
				TEST_TARGET_NAME = Choices;
			};
			name = Debug;
		};
		CE55E9C324DC81800032BE80 /* Release */ = {
			isa = XCBuildConfiguration;
			buildSettings = {
				ALWAYS_EMBED_SWIFT_STANDARD_LIBRARIES = YES;
				CODE_SIGN_STYLE = Automatic;
				INFOPLIST_FILE = ChoicesUITests/Info.plist;
				LD_RUNPATH_SEARCH_PATHS = (
					"$(inherited)",
					"@executable_path/Frameworks",
					"@loader_path/Frameworks",
				);
				PRODUCT_BUNDLE_IDENTIFIER = com.shubhra.ChoicesUITests;
				PRODUCT_NAME = "$(TARGET_NAME)";
				SWIFT_VERSION = 5.0;
				TARGETED_DEVICE_FAMILY = "1,2";
				TEST_TARGET_NAME = Choices;
			};
			name = Release;
		};
/* End XCBuildConfiguration section */

/* Begin XCConfigurationList section */
		CE55E98C24DC817E0032BE80 /* Build configuration list for PBXProject "Choices" */ = {
			isa = XCConfigurationList;
			buildConfigurations = (
				CE55E9B924DC81800032BE80 /* Debug */,
				CE55E9BA24DC81800032BE80 /* Release */,
			);
			defaultConfigurationIsVisible = 0;
			defaultConfigurationName = Release;
		};
		CE55E9BB24DC81800032BE80 /* Build configuration list for PBXNativeTarget "Choices" */ = {
			isa = XCConfigurationList;
			buildConfigurations = (
				CE55E9BC24DC81800032BE80 /* Debug */,
				CE55E9BD24DC81800032BE80 /* Release */,
			);
			defaultConfigurationIsVisible = 0;
			defaultConfigurationName = Release;
		};
		CE55E9BE24DC81800032BE80 /* Build configuration list for PBXNativeTarget "ChoicesTests" */ = {
			isa = XCConfigurationList;
			buildConfigurations = (
				CE55E9BF24DC81800032BE80 /* Debug */,
				CE55E9C024DC81800032BE80 /* Release */,
			);
			defaultConfigurationIsVisible = 0;
			defaultConfigurationName = Release;
		};
		CE55E9C124DC81800032BE80 /* Build configuration list for PBXNativeTarget "ChoicesUITests" */ = {
			isa = XCConfigurationList;
			buildConfigurations = (
				CE55E9C224DC81800032BE80 /* Debug */,
				CE55E9C324DC81800032BE80 /* Release */,
			);
			defaultConfigurationIsVisible = 0;
			defaultConfigurationName = Release;
		};
/* End XCConfigurationList section */
	};
	rootObject = CE55E98924DC817E0032BE80 /* Project object */;
}
